lockVersion: 2.0.0
id: f07d4e92-2efa-4995-a0d5-bb4b35a769fd
management:
  docChecksum: b58aa22b520fd02d35640f920003ff1d
  docVersion: 1.0.1
  speakeasyVersion: internal
  generationVersion: 2.258.2
  releaseVersion: 0.12.4
  configChecksum: ebeff019d5f12e290aa07b3b423172c3
  repoURL: https://github.com/speakeasy-sdks/bolt-embedded-typescript.git
  repoSubDirectory: .
  installationURL: https://github.com/speakeasy-sdks/bolt-embedded-typescript
features:
  typescript:
    core: 3.4.7
    globalSecurity: 2.82.2
    globalServerURLs: 2.82.1
    methodSecurity: 2.82.0
generatedFiles:
  - src/sdk/account.ts
  - src/sdk/transactions.ts
  - src/sdk/oauth.ts
  - src/sdk/payments.ts
  - src/sdk/testing.ts
  - src/sdk/sdk.ts
  - .eslintrc.yml
  - jest.config.js
  - package-lock.json
  - package.json
  - src/index.ts
  - src/internal/utils/contenttype.ts
  - src/internal/utils/headers.ts
  - src/internal/utils/index.ts
  - src/internal/utils/pathparams.ts
  - src/internal/utils/queryparams.ts
  - src/internal/utils/requestbody.ts
  - src/internal/utils/retries.ts
  - src/internal/utils/security.ts
  - src/internal/utils/utils.ts
  - src/sdk/index.ts
  - src/sdk/models/errors/sdkerror.ts
  - src/sdk/types/index.ts
  - src/sdk/types/rfcdate.ts
  - tsconfig.json
  - src/sdk/models/operations/addaddress.ts
  - src/sdk/models/operations/addpaymentmethod.ts
  - src/sdk/models/operations/createaccount.ts
  - src/sdk/models/operations/deleteaddress.ts
  - src/sdk/models/operations/deletepaymentmethod.ts
  - src/sdk/models/operations/detectaccount.ts
  - src/sdk/models/operations/editaddress.ts
  - src/sdk/models/operations/getaccount.ts
  - src/sdk/models/operations/replaceaddress.ts
  - src/sdk/models/operations/updateaccountprofile.ts
  - src/sdk/models/operations/authorizetransaction.ts
  - src/sdk/models/operations/capturetransaction.ts
  - src/sdk/models/operations/gettransactiondetails.ts
  - src/sdk/models/operations/refundtransaction.ts
  - src/sdk/models/operations/updatetransaction.ts
  - src/sdk/models/operations/voidtransaction.ts
  - src/sdk/models/operations/oauthtoken.ts
  - src/sdk/models/operations/finalizepayment.ts
  - src/sdk/models/operations/initializepayment.ts
  - src/sdk/models/operations/updatepayment.ts
  - src/sdk/models/operations/createtestingshopperaccount.ts
  - src/sdk/models/operations/gettestcreditcardtoken.ts
  - src/sdk/models/shared/metadata.ts
  - src/sdk/models/shared/addressaccount.ts
  - src/sdk/models/shared/savedcreditcardview.ts
  - src/sdk/models/shared/cardnetwork.ts
  - src/sdk/models/shared/addressview.ts
  - src/sdk/models/shared/address.ts
  - src/sdk/models/shared/accountdetails.ts
  - src/sdk/models/shared/profileview.ts
  - src/sdk/models/shared/createaccountinput.ts
  - src/sdk/models/shared/profile.ts
  - src/sdk/models/shared/paymentmethodaccount.ts
  - src/sdk/models/shared/errorsboltapiresponse.ts
  - src/sdk/models/shared/requestresult.ts
  - src/sdk/models/shared/errorboltapi.ts
  - src/sdk/models/shared/v1accountsview.ts
  - src/sdk/models/shared/iauthorizeresultview.ts
  - src/sdk/models/shared/transactionview.ts
  - src/sdk/models/shared/transactiontype.ts
  - src/sdk/models/shared/creditcardview.ts
  - src/sdk/models/shared/cardtokentype.ts
  - src/sdk/models/shared/cardstatus.ts
  - src/sdk/models/shared/priority.ts
  - src/sdk/models/shared/carddisplaynetwork.ts
  - src/sdk/models/shared/consumerselfview.ts
  - src/sdk/models/shared/phoneview.ts
  - src/sdk/models/shared/emailview.ts
  - src/sdk/models/shared/loginview.ts
  - src/sdk/models/shared/transactionstatus.ts
  - src/sdk/models/shared/transactionsplitsview.ts
  - src/sdk/models/shared/amountview.ts
  - src/sdk/models/shared/riskmodelexternalresultview.ts
  - src/sdk/models/shared/reviewticketview.ts
  - src/sdk/models/shared/transactionprocessor.ts
  - src/sdk/models/shared/orderdecisiondetailsview.ts
  - src/sdk/models/shared/merchantdivisionsummaryview.ts
  - src/sdk/models/shared/merchantdivisionlogoview.ts
  - src/sdk/models/shared/transactionindemnificationreason.ts
  - src/sdk/models/shared/transactionindemnificationdecision.ts
  - src/sdk/models/shared/creditcardcreditview.ts
  - src/sdk/models/shared/creditcardcaptureview.ts
  - src/sdk/models/shared/capturestatus.ts
  - src/sdk/models/shared/creditcardauthorizationview.ts
  - src/sdk/models/shared/creditcardauthorizationstatus.ts
  - src/sdk/models/shared/creditcardauthorizationreason.ts
  - src/sdk/models/shared/capturetransactionwithreference.ts
  - src/sdk/models/shared/void.ts
  - src/sdk/models/shared/transactiontimelineview.ts
  - src/sdk/models/shared/transactionreviewview.ts
  - src/sdk/models/shared/riskmodelresultview.ts
  - src/sdk/models/shared/riskmodelresulcontributionview.ts
  - src/sdk/models/shared/consumersummaryview.ts
  - src/sdk/models/shared/addresschangeview.ts
  - src/sdk/models/shared/riskreviewstatus.ts
  - src/sdk/models/shared/riskinsightsyml.ts
  - src/sdk/models/shared/riskdecisionfactoryml.ts
  - src/sdk/models/shared/reviewticket.ts
  - src/sdk/models/shared/requeststatus.ts
  - src/sdk/models/shared/orderdecision.ts
  - src/sdk/models/shared/orderview.ts
  - src/sdk/models/shared/orderexternaldataview.ts
  - src/sdk/models/shared/iorderdynamiccontent.ts
  - src/sdk/models/shared/igiftoptionview.ts
  - src/sdk/models/shared/icustomfieldview.ts
  - src/sdk/models/shared/cartview.ts
  - src/sdk/models/shared/icartshipmentview.ts
  - src/sdk/models/shared/iweight.ts
  - src/sdk/models/shared/giftoptionview.ts
  - src/sdk/models/shared/idescriptiontooltip.ts
  - src/sdk/models/shared/idescriptionpart.ts
  - src/sdk/models/shared/icartitemview.ts
  - src/sdk/models/shared/subscription.ts
  - src/sdk/models/shared/cartitemcustomization.ts
  - src/sdk/models/shared/instoreshipment2.ts
  - src/sdk/models/shared/instoreshipment.ts
  - src/sdk/models/shared/totalweight.ts
  - src/sdk/models/shared/amounts.ts
  - src/sdk/models/shared/consumerbillingaddress.ts
  - src/sdk/models/shared/packageweights.ts
  - src/sdk/models/shared/packagedimension.ts
  - src/sdk/models/shared/giftoptions.ts
  - src/sdk/models/shared/icartdiscountview.ts
  - src/sdk/models/shared/ifreeshippingdiscountview.ts
  - src/sdk/models/shared/icurrency.ts
  - src/sdk/models/shared/merchantdivision.ts
  - src/sdk/models/shared/merchantplatform.ts
  - src/sdk/models/shared/merchantlogo.ts
  - src/sdk/models/shared/webhookstype.ts
  - src/sdk/models/shared/merchant.ts
  - src/sdk/models/shared/merchantstatus.ts
  - src/sdk/models/shared/transactionoperationalprocessor.ts
  - src/sdk/models/shared/transactionprocessorstatus.ts
  - src/sdk/models/shared/merchantonboardingstatuscode.ts
  - src/sdk/models/shared/manualdisputes.ts
  - src/sdk/models/shared/consumerusermembership.ts
  - src/sdk/models/shared/consumermembershipstatus.ts
  - src/sdk/models/shared/creditcarduser.ts
  - src/sdk/models/shared/phoneswithcountrycode.ts
  - src/sdk/models/shared/phonestatus.ts
  - src/sdk/models/shared/phonepriority.ts
  - src/sdk/models/shared/emails.ts
  - src/sdk/models/shared/emailstatus.ts
  - src/sdk/models/shared/emailpriority.ts
  - src/sdk/models/shared/customerliststatus.ts
  - src/sdk/models/shared/customfields.ts
  - src/sdk/models/shared/credit.ts
  - src/sdk/models/shared/chargebackdetails.ts
  - src/sdk/models/shared/chargebackrepresentmentresult.ts
  - src/sdk/models/shared/chargebackreasoncode.ts
  - src/sdk/models/shared/chargebackeventview.ts
  - src/sdk/models/shared/capture.ts
  - src/sdk/models/shared/authorizationverificationstatus.ts
  - src/sdk/models/shared/addresschangerequestmetadataview.ts
  - src/sdk/models/shared/creditcardvoid.ts
  - src/sdk/models/shared/oauthtokenresponse.ts
  - src/sdk/models/shared/errorsoauthserverresponse.ts
  - src/sdk/models/shared/onev11testing1shopper1createpostrequestbodycontentapplication1jsonschemapropertiesemailstate.ts
  - src/sdk/models/shared/security.ts
  - src/sdk/models/errors/index.ts
  - src/sdk/models/operations/index.ts
  - src/sdk/models/shared/index.ts
  - docs/sdk/models/operations/addaddresssecurity.md
  - docs/sdk/models/operations/addaddressrequest.md
  - docs/sdk/models/operations/addaddressresponsebody.md
  - docs/sdk/models/operations/addaddressresponse.md
  - docs/sdk/models/operations/addpaymentmethodsecurity.md
  - docs/sdk/models/operations/network.md
  - docs/sdk/models/operations/priority.md
  - docs/sdk/models/operations/tokentype.md
  - docs/sdk/models/operations/addpaymentmethodrequestbody.md
  - docs/sdk/models/operations/addpaymentmethodrequest.md
  - docs/sdk/models/operations/addpaymentmethodresponse.md
  - docs/sdk/models/operations/createaccountsecurity.md
  - docs/sdk/models/operations/createaccountrequest.md
  - docs/sdk/models/operations/createaccountresponse.md
  - docs/sdk/models/operations/deleteaddresssecurity.md
  - docs/sdk/models/operations/deleteaddressrequest.md
  - docs/sdk/models/operations/deleteaddressresponse.md
  - docs/sdk/models/operations/deletepaymentmethodsecurity.md
  - docs/sdk/models/operations/deletepaymentmethodrequest.md
  - docs/sdk/models/operations/deletepaymentmethodresponse.md
  - docs/sdk/models/operations/detectaccountrequest.md
  - docs/sdk/models/operations/detectaccountresponse.md
  - docs/sdk/models/operations/editaddresssecurity.md
  - docs/sdk/models/operations/editaddressrequest.md
  - docs/sdk/models/operations/editaddressresponsebody.md
  - docs/sdk/models/operations/editaddressresponse.md
  - docs/sdk/models/operations/getaccountsecurity.md
  - docs/sdk/models/operations/getaccountrequest.md
  - docs/sdk/models/operations/getaccountresponse.md
  - docs/sdk/models/operations/replaceaddresssecurity.md
  - docs/sdk/models/operations/replaceaddressrequest.md
  - docs/sdk/models/operations/replaceaddressresponsebody.md
  - docs/sdk/models/operations/replaceaddressresponse.md
  - docs/sdk/models/operations/updateaccountprofilesecurity.md
  - docs/sdk/models/operations/updateaccountprofilerequestbody.md
  - docs/sdk/models/operations/updateaccountprofilerequest.md
  - docs/sdk/models/operations/updateaccountprofileresponse.md
  - docs/sdk/models/operations/authorizetransactionsecurity.md
  - docs/sdk/models/operations/authorizetransactionrequest.md
  - docs/sdk/models/operations/authorizetransactionresponse.md
  - docs/sdk/models/operations/capturetransactionsecurity.md
  - docs/sdk/models/operations/capturetransactionrequest.md
  - docs/sdk/models/operations/errors.md
  - docs/sdk/models/operations/result.md
  - docs/sdk/models/operations/capturetransactionresponsebody.md
  - docs/sdk/models/operations/capturetransactionresponse.md
  - docs/sdk/models/operations/gettransactiondetailssecurity.md
  - docs/sdk/models/operations/gettransactiondetailsrequest.md
  - docs/sdk/models/operations/typet.md
  - docs/sdk/models/operations/splits.md
  - docs/sdk/models/operations/authrejectiondetails.md
  - docs/sdk/models/operations/transactionrejectiondetails.md
  - docs/sdk/models/operations/gettransactiondetailsresponsebody.md
  - docs/sdk/models/operations/gettransactiondetailsresponse.md
  - docs/sdk/models/operations/refundtransactionsecurity.md
  - docs/sdk/models/operations/refundtransactionrequestbody.md
  - docs/sdk/models/operations/refundtransactionrequest.md
  - docs/sdk/models/operations/refundtransactionresponse.md
  - docs/sdk/models/operations/updatetransactionsecurity.md
  - docs/sdk/models/operations/updatetransactionrequestbody.md
  - docs/sdk/models/operations/updatetransactionrequest.md
  - docs/sdk/models/operations/updatetransactiontype.md
  - docs/sdk/models/operations/updatetransactionsplits.md
  - docs/sdk/models/operations/updatetransactionauthrejectiondetails.md
  - docs/sdk/models/operations/updatetransactiontransactionrejectiondetails.md
  - docs/sdk/models/operations/updatetransactionresponsebody.md
  - docs/sdk/models/operations/updatetransactionresponse.md
  - docs/sdk/models/operations/voidtransactionsecurity.md
  - docs/sdk/models/operations/voidtransactionrequest.md
  - docs/sdk/models/operations/voidtransactionresponse.md
  - docs/sdk/models/operations/oauthtokenrequest.md
  - docs/sdk/models/operations/oauthtokenresponse.md
  - docs/sdk/models/operations/finalizepaymentsecurity.md
  - docs/sdk/models/operations/shopperidentity.md
  - docs/sdk/models/operations/finalizepaymentrequestbody.md
  - docs/sdk/models/operations/finalizepaymentrequest.md
  - docs/sdk/models/operations/paypal.md
  - docs/sdk/models/operations/status.md
  - docs/sdk/models/operations/transaction.md
  - docs/sdk/models/operations/finalizepaymentresponsebody.md
  - docs/sdk/models/operations/finalizepaymentresponse.md
  - docs/sdk/models/operations/initializepaymentsecurity.md
  - docs/sdk/models/operations/initializepaymentrequest.md
  - docs/sdk/models/operations/initializepaymentresponse.md
  - docs/sdk/models/operations/updatepaymentsecurity.md
  - docs/sdk/models/operations/updatepaymentrequest.md
  - docs/sdk/models/operations/updatepaymentresponse.md
  - docs/sdk/models/operations/createtestingshopperaccountsecurity.md
  - docs/sdk/models/operations/emailstate.md
  - docs/sdk/models/operations/createtestingshopperaccountrequestbody.md
  - docs/sdk/models/operations/createtestingshopperaccountrequest.md
  - docs/sdk/models/operations/createtestingshopperaccountresponsebody.md
  - docs/sdk/models/operations/createtestingshopperaccountresponse.md
  - docs/sdk/models/operations/gettestcreditcardtokensecurity.md
  - docs/sdk/models/operations/gettestcreditcardtokenresponsebody.md
  - docs/sdk/models/operations/gettestcreditcardtokenresponse.md
  - docs/sdk/models/shared/metadata.md
  - docs/sdk/models/shared/addressaccount.md
  - docs/sdk/models/shared/savedcreditcardviewtype.md
  - docs/sdk/models/shared/savedcreditcardview.md
  - docs/sdk/models/shared/cardnetwork.md
  - docs/sdk/models/shared/addressview.md
  - docs/sdk/models/shared/address.md
  - docs/sdk/models/shared/addresses.md
  - docs/sdk/models/shared/accountdetails.md
  - docs/sdk/models/shared/profileview.md
  - docs/sdk/models/shared/createaccountinput.md
  - docs/sdk/models/shared/profilemetadata.md
  - docs/sdk/models/shared/profile.md
  - docs/sdk/models/shared/network.md
  - docs/sdk/models/shared/paymentmethodaccountpriority.md
  - docs/sdk/models/shared/tokentype.md
  - docs/sdk/models/shared/paymentmethodaccount.md
  - docs/sdk/models/shared/errorsboltapiresponse.md
  - docs/sdk/models/shared/requestresult.md
  - docs/sdk/models/shared/errorboltapi.md
  - docs/sdk/models/shared/v1accountsview.md
  - docs/sdk/models/shared/iauthorizeresultview.md
  - docs/sdk/models/shared/transactionviewtype.md
  - docs/sdk/models/shared/transactionviewsplits.md
  - docs/sdk/models/shared/transactionviewcapture.md
  - docs/sdk/models/shared/transactionviewriskreviewstatus.md
  - docs/sdk/models/shared/viewstatus.md
  - docs/sdk/models/shared/transactionviewcause.md
  - docs/sdk/models/shared/transactionviewstatus.md
  - docs/sdk/models/shared/transactionviewvoid.md
  - docs/sdk/models/shared/transactionview.md
  - docs/sdk/models/shared/transactiontype.md
  - docs/sdk/models/shared/creditcardview.md
  - docs/sdk/models/shared/cardtokentype.md
  - docs/sdk/models/shared/cardstatus.md
  - docs/sdk/models/shared/priority.md
  - docs/sdk/models/shared/carddisplaynetwork.md
  - docs/sdk/models/shared/platformaccountstatus.md
  - docs/sdk/models/shared/consumerselfview.md
  - docs/sdk/models/shared/phoneviewpriority.md
  - docs/sdk/models/shared/phoneview.md
  - docs/sdk/models/shared/emailview.md
  - docs/sdk/models/shared/actions.md
  - docs/sdk/models/shared/methods.md
  - docs/sdk/models/shared/loginview.md
  - docs/sdk/models/shared/transactionstatus.md
  - docs/sdk/models/shared/transactionsplitsviewtype.md
  - docs/sdk/models/shared/transactionsplitsview.md
  - docs/sdk/models/shared/amountview.md
  - docs/sdk/models/shared/riskmodelexternalresultview.md
  - docs/sdk/models/shared/reviewticketview.md
  - docs/sdk/models/shared/transactionprocessor.md
  - docs/sdk/models/shared/orderdecisiondetailsview.md
  - docs/sdk/models/shared/hooktype.md
  - docs/sdk/models/shared/merchantdivisionsummaryview.md
  - docs/sdk/models/shared/merchantdivisionlogoview.md
  - docs/sdk/models/shared/transactionindemnificationreason.md
  - docs/sdk/models/shared/transactionindemnificationdecision.md
  - docs/sdk/models/shared/creditcardcreditviewstatus.md
  - docs/sdk/models/shared/creditcardcreditview.md
  - docs/sdk/models/shared/creditcardcaptureview.md
  - docs/sdk/models/shared/capturestatus.md
  - docs/sdk/models/shared/avsresponse.md
  - docs/sdk/models/shared/cvvresponse.md
  - docs/sdk/models/shared/processor.md
  - docs/sdk/models/shared/creditcardauthorizationview.md
  - docs/sdk/models/shared/creditcardauthorizationstatus.md
  - docs/sdk/models/shared/creditcardauthorizationreason.md
  - docs/sdk/models/shared/capturetransactionwithreference.md
  - docs/sdk/models/shared/cause.md
  - docs/sdk/models/shared/status.md
  - docs/sdk/models/shared/void.md
  - docs/sdk/models/shared/transactiontimelineviewtype.md
  - docs/sdk/models/shared/transactiontimelineview.md
  - docs/sdk/models/shared/transactionreviewview.md
  - docs/sdk/models/shared/riskmodelresultview.md
  - docs/sdk/models/shared/riskmodelresulcontributionview.md
  - docs/sdk/models/shared/consumersummaryview.md
  - docs/sdk/models/shared/addresschangeview.md
  - docs/sdk/models/shared/riskreviewstatus.md
  - docs/sdk/models/shared/riskinsightsyml.md
  - docs/sdk/models/shared/riskdecisionfactoryml.md
  - docs/sdk/models/shared/reviewticket.md
  - docs/sdk/models/shared/requeststatus.md
  - docs/sdk/models/shared/orderdecision.md
  - docs/sdk/models/shared/orderview.md
  - docs/sdk/models/shared/orderexternaldataview.md
  - docs/sdk/models/shared/transactionprocessortype.md
  - docs/sdk/models/shared/eligiblepaymentmethods.md
  - docs/sdk/models/shared/hideapm.md
  - docs/sdk/models/shared/iorderdynamiccontent.md
  - docs/sdk/models/shared/igiftoptionview.md
  - docs/sdk/models/shared/checkoutstep.md
  - docs/sdk/models/shared/icustomfieldview.md
  - docs/sdk/models/shared/fulfillments.md
  - docs/sdk/models/shared/loyaltyrewards.md
  - docs/sdk/models/shared/cartview.md
  - docs/sdk/models/shared/icartshipmentviewpackagedimension.md
  - docs/sdk/models/shared/icartshipmentview.md
  - docs/sdk/models/shared/iweight.md
  - docs/sdk/models/shared/giftoptionview.md
  - docs/sdk/models/shared/idescriptiontooltip.md
  - docs/sdk/models/shared/idescriptionpart.md
  - docs/sdk/models/shared/properties.md
  - docs/sdk/models/shared/shipmenttype.md
  - docs/sdk/models/shared/typet.md
  - docs/sdk/models/shared/icartitemview.md
  - docs/sdk/models/shared/unit.md
  - docs/sdk/models/shared/frequency.md
  - docs/sdk/models/shared/subscription.md
  - docs/sdk/models/shared/cartitemcustomization.md
  - docs/sdk/models/shared/distanceunit.md
  - docs/sdk/models/shared/instoreshipment2.md
  - docs/sdk/models/shared/instoreshipment.md
  - docs/sdk/models/shared/totalweight.md
  - docs/sdk/models/shared/amounts.md
  - docs/sdk/models/shared/consumerbillingaddress.md
  - docs/sdk/models/shared/packageweights.md
  - docs/sdk/models/shared/packagedimension.md
  - docs/sdk/models/shared/giftoptions.md
  - docs/sdk/models/shared/discountcategory.md
  - docs/sdk/models/shared/icartdiscountview.md
  - docs/sdk/models/shared/ifreeshippingdiscountview.md
  - docs/sdk/models/shared/icurrency.md
  - docs/sdk/models/shared/merchantdivision.md
  - docs/sdk/models/shared/merchantplatform.md
  - docs/sdk/models/shared/merchantlogo.md
  - docs/sdk/models/shared/webhookstype.md
  - docs/sdk/models/shared/merchant.md
  - docs/sdk/models/shared/merchantstatus.md
  - docs/sdk/models/shared/transactionoperationalprocessor.md
  - docs/sdk/models/shared/transactionprocessorstatus.md
  - docs/sdk/models/shared/merchantonboardingstatuscode.md
  - docs/sdk/models/shared/manualdisputesstatus.md
  - docs/sdk/models/shared/manualdisputes.md
  - docs/sdk/models/shared/consumerusermembership.md
  - docs/sdk/models/shared/consumermembershipstatus.md
  - docs/sdk/models/shared/creditcarduser.md
  - docs/sdk/models/shared/phoneswithcountrycode.md
  - docs/sdk/models/shared/phonestatus.md
  - docs/sdk/models/shared/phonepriority.md
  - docs/sdk/models/shared/emails.md
  - docs/sdk/models/shared/emailstatus.md
  - docs/sdk/models/shared/emailpriority.md
  - docs/sdk/models/shared/customerliststatus.md
  - docs/sdk/models/shared/checkoutsetup.md
  - docs/sdk/models/shared/customfields.md
  - docs/sdk/models/shared/credit.md
  - docs/sdk/models/shared/chargebackdetails.md
  - docs/sdk/models/shared/chargebackrepresentmentresult.md
  - docs/sdk/models/shared/chargebackreasoncode.md
  - docs/sdk/models/shared/chargebackeventview.md
  - docs/sdk/models/shared/capturetype.md
  - docs/sdk/models/shared/splits.md
  - docs/sdk/models/shared/capture.md
  - docs/sdk/models/shared/authorizationverificationstatus.md
  - docs/sdk/models/shared/addresschangerequestmetadataview.md
  - docs/sdk/models/shared/creditcardvoid.md
  - docs/sdk/models/shared/oauthtokenresponse.md
  - docs/sdk/models/shared/errorsoauthserverresponse.md
  - docs/sdk/models/shared/onev11testing1shopper1createpostrequestbodycontentapplication1jsonschemapropertiesemailstate.md
  - docs/sdk/models/shared/security.md
  - docs/sdks/boltembeddedapi/README.md
  - docs/sdks/account/README.md
  - docs/sdks/transactions/README.md
  - docs/sdks/oauth/README.md
  - docs/sdks/payments/README.md
  - docs/sdks/testing/README.md
  - USAGE.md
  - .gitattributes
